
Microsoft Visual Studio Solution File, Format Version 12.00
# Visual Studio 15
VisualStudioVersion = 15.0.27428.2043
MinimumVisualStudioVersion = 10.0.40219.1
Project("{8BC9CEB8-8B4A-11D0-8D11-00A0C91BC942}") = "第六章", "第六章\第六章.vcxproj", "{717F2EBE-9C4E-4975-9A0A-C50A919D1561}"
EndProject
Global
	GlobalSection(SolutionConfigurationPlatforms) = preSolution
		Debug|x64 = Debug|x64
		Debug|x86 = Debug|x86
		Release|x64 = Release|x64
		Release|x86 = Release|x86
	EndGlobalSection
	GlobalSection(ProjectConfigurationPlatforms) = postSolution
		{717F2EBE-9C4E-4975-9A0A-C50A919D1561}.Debug|x64.ActiveCfg = Debug|x64
		{717F2EBE-9C4E-4975-9A0A-C50A919D1561}.Debug|x64.Build.0 = Debug|x64
		{717F2EBE-9C4E-4975-9A0A-C50A919D1561}.Debug|x86.ActiveCfg = Debug|Win32
		{717F2EBE-9C4E-4975-9A0A-C50A919D1561}.Debug|x86.Build.0 = Debug|Win32
		{717F2EBE-9C4E-4975-9A0A-C50A919D1561}.Release|x64.ActiveCfg = Release|x64
		{717F2EBE-9C4E-4975-9A0A-C50A919D1561}.Release|x64.Build.0 = Release|x64
		{717F2EBE-9C4E-4975-9A0A-C50A919D1561}.Release|x86.ActiveCfg = Release|Win32
		{717F2EBE-9C4E-4975-9A0A-C50A919D1561}.Release|x86.Build.0 = Release|Win32
	EndGlobalSection
	GlobalSection(SolutionProperties) = preSolution
		HideSolutionNode = FALSE
	EndGlobalSection
	GlobalSection(ExtensibilityGlobals) = postSolution
		SolutionGuid = {B38FEDE2-DBBE-4F43-8F6B-9A180A7362E6}
	EndGlobalSection
EndGlobal
