
Microsoft Visual Studio Solution File, Format Version 12.00
# Visual Studio 15
VisualStudioVersion = 15.0.27428.2005
MinimumVisualStudioVersion = 10.0.40219.1
Project("{8BC9CEB8-8B4A-11D0-8D11-00A0C91BC942}") = "第二章", "第二章\第二章.vcxproj", "{57C5C7DA-F6AE-45B6-AE20-B8125EC61633}"
EndProject
Global
	GlobalSection(SolutionConfigurationPlatforms) = preSolution
		Debug|x64 = Debug|x64
		Debug|x86 = Debug|x86
		Release|x64 = Release|x64
		Release|x86 = Release|x86
	EndGlobalSection
	GlobalSection(ProjectConfigurationPlatforms) = postSolution
		{57C5C7DA-F6AE-45B6-AE20-B8125EC61633}.Debug|x64.ActiveCfg = Debug|x64
		{57C5C7DA-F6AE-45B6-AE20-B8125EC61633}.Debug|x64.Build.0 = Debug|x64
		{57C5C7DA-F6AE-45B6-AE20-B8125EC61633}.Debug|x86.ActiveCfg = Debug|Win32
		{57C5C7DA-F6AE-45B6-AE20-B8125EC61633}.Debug|x86.Build.0 = Debug|Win32
		{57C5C7DA-F6AE-45B6-AE20-B8125EC61633}.Release|x64.ActiveCfg = Release|x64
		{57C5C7DA-F6AE-45B6-AE20-B8125EC61633}.Release|x64.Build.0 = Release|x64
		{57C5C7DA-F6AE-45B6-AE20-B8125EC61633}.Release|x86.ActiveCfg = Release|Win32
		{57C5C7DA-F6AE-45B6-AE20-B8125EC61633}.Release|x86.Build.0 = Release|Win32
	EndGlobalSection
	GlobalSection(SolutionProperties) = preSolution
		HideSolutionNode = FALSE
	EndGlobalSection
	GlobalSection(ExtensibilityGlobals) = postSolution
		SolutionGuid = {77173980-D802-4C3D-BFE5-135C0FC55574}
	EndGlobalSection
EndGlobal
